{
  "nodes": {
    "cachix": {
      "inputs": {
        "devenv": "devenv",
        "flake-compat": "flake-compat_2",
        "hnix-store-core": "hnix-store-core",
        "nixpkgs": "nixpkgs_7"
      },
      "locked": {
        "lastModified": 1684410787,
        "narHash": "sha256-G78ADXkj0gW+UhPExhMgPQroWyF7QAtm+Qbbd7AGJgk=",
        "owner": "cachix",
        "repo": "cachix",
        "rev": "049b2a688783766ea16895bd25e9f35ca914fd60",
        "type": "github"
      },
      "original": {
        "owner": "cachix",
        "repo": "cachix",
        "type": "github"
      }
    },
    "devenv": {
      "inputs": {
        "flake-compat": [
          "system",
          "shekhinah",
          "cachix",
          "flake-compat"
        ],
        "nix": "nix_2",
        "nixpkgs": "nixpkgs_6",
        "pre-commit-hooks": "pre-commit-hooks"
      },
      "locked": {
        "lastModified": 1684251214,
        "narHash": "sha256-c+hiXMdeBXKWGZqU/3RPz3Wymg0UcgOnbcW1eJip+88=",
        "owner": "cachix",
        "repo": "devenv",
        "rev": "957e4eb5ce74541f63af5e221a7917107c0c1d22",
        "type": "github"
      },
      "original": {
        "owner": "cachix",
        "repo": "devenv",
        "type": "github"
      }
    },
    "devenv_2": {
      "inputs": {
        "flake-compat": "flake-compat_3",
        "nix": "nix_3",
        "nixpkgs": "nixpkgs_8",
        "pre-commit-hooks": "pre-commit-hooks_2"
      },
      "locked": {
        "lastModified": 1685614570,
        "narHash": "sha256-6q3kIPrzGXxsNLNp/VRFp1s5p1dUoL4VNgDyR8+v+gI=",
        "owner": "cachix",
        "repo": "devenv",
        "rev": "ad13f084f80128a68220ebdb15156cd67a5a8cb7",
        "type": "github"
      },
      "original": {
        "owner": "cachix",
        "repo": "devenv",
        "type": "github"
      }
    },
    "fenix": {
      "inputs": {
        "nixpkgs": [
          "nixpkgs"
        ],
        "rust-analyzer-src": "rust-analyzer-src"
      },
      "locked": {
        "lastModified": 1685600533,
        "narHash": "sha256-7oly5/7xJMtFH44I/Bsrnc2VG4M6HyUVhph3WoZrG64=",
        "owner": "nix-community",
        "repo": "fenix",
        "rev": "360c6a0bc9b78b896fdd60c8803ba98298a37f7c",
        "type": "github"
      },
      "original": {
        "owner": "nix-community",
        "repo": "fenix",
        "type": "github"
      }
    },
    "fenix_2": {
      "inputs": {
        "nixpkgs": [
          "system",
          "shekhinah",
          "nixpkgs"
        ],
        "rust-analyzer-src": "rust-analyzer-src_2"
      },
      "locked": {
        "lastModified": 1685600533,
        "narHash": "sha256-7oly5/7xJMtFH44I/Bsrnc2VG4M6HyUVhph3WoZrG64=",
        "owner": "nix-community",
        "repo": "fenix",
        "rev": "360c6a0bc9b78b896fdd60c8803ba98298a37f7c",
        "type": "github"
      },
      "original": {
        "owner": "nix-community",
        "repo": "fenix",
        "type": "github"
      }
    },
    "flake-compat": {
      "flake": false,
      "locked": {
        "lastModified": 1673956053,
        "narHash": "sha256-4gtG9iQuiKITOjNQQeQIpoIB6b16fm+504Ch3sNKLd8=",
        "owner": "edolstra",
        "repo": "flake-compat",
        "rev": "35bb57c0c8d8b62bbfd284272c928ceb64ddbde9",
        "type": "github"
      },
      "original": {
        "owner": "edolstra",
        "repo": "flake-compat",
        "type": "github"
      }
    },
    "flake-compat_2": {
      "flake": false,
      "locked": {
        "lastModified": 1673956053,
        "narHash": "sha256-4gtG9iQuiKITOjNQQeQIpoIB6b16fm+504Ch3sNKLd8=",
        "owner": "edolstra",
        "repo": "flake-compat",
        "rev": "35bb57c0c8d8b62bbfd284272c928ceb64ddbde9",
        "type": "github"
      },
      "original": {
        "owner": "edolstra",
        "repo": "flake-compat",
        "type": "github"
      }
    },
    "flake-compat_3": {
      "flake": false,
      "locked": {
        "lastModified": 1673956053,
        "narHash": "sha256-4gtG9iQuiKITOjNQQeQIpoIB6b16fm+504Ch3sNKLd8=",
        "owner": "edolstra",
        "repo": "flake-compat",
        "rev": "35bb57c0c8d8b62bbfd284272c928ceb64ddbde9",
        "type": "github"
      },
      "original": {
        "owner": "edolstra",
        "repo": "flake-compat",
        "type": "github"
      }
    },
    "flake-utils": {
      "inputs": {
        "systems": "systems"
      },
      "locked": {
        "lastModified": 1685518550,
        "narHash": "sha256-o2d0KcvaXzTrPRIo0kOLV0/QXHhDQ5DTi+OxcjO8xqY=",
        "owner": "numtide",
        "repo": "flake-utils",
        "rev": "a1720a10a6cfe8234c0e93907ffe81be440f4cef",
        "type": "github"
      },
      "original": {
        "owner": "numtide",
        "repo": "flake-utils",
        "type": "github"
      }
    },
    "flake-utils_2": {
      "locked": {
        "lastModified": 1678901627,
        "narHash": "sha256-U02riOqrKKzwjsxc/400XnElV+UtPUQWpANPlyazjH0=",
        "owner": "numtide",
        "repo": "flake-utils",
        "rev": "93a2b84fc4b70d9e089d029deacc3583435c2ed6",
        "type": "github"
      },
      "original": {
        "owner": "numtide",
        "repo": "flake-utils",
        "type": "github"
      }
    },
    "flake-utils_3": {
      "locked": {
        "lastModified": 1656928814,
        "narHash": "sha256-RIFfgBuKz6Hp89yRr7+NR5tzIAbn52h8vT6vXkYjZoM=",
        "owner": "numtide",
        "repo": "flake-utils",
        "rev": "7e2a3b3dfd9af950a856d66b0a7d01e3c18aa249",
        "type": "github"
      },
      "original": {
        "owner": "numtide",
        "repo": "flake-utils",
        "type": "github"
      }
    },
    "flake-utils_4": {
      "locked": {
        "lastModified": 1667395993,
        "narHash": "sha256-nuEHfE/LcWyuSWnS8t12N1wc105Qtau+/OdUAjtQ0rA=",
        "owner": "numtide",
        "repo": "flake-utils",
        "rev": "5aed5285a952e0b949eb3ba02c12fa4fcfef535f",
        "type": "github"
      },
      "original": {
        "owner": "numtide",
        "repo": "flake-utils",
        "type": "github"
      }
    },
    "flake-utils_5": {
      "locked": {
        "lastModified": 1667395993,
        "narHash": "sha256-nuEHfE/LcWyuSWnS8t12N1wc105Qtau+/OdUAjtQ0rA=",
        "owner": "numtide",
        "repo": "flake-utils",
        "rev": "5aed5285a952e0b949eb3ba02c12fa4fcfef535f",
        "type": "github"
      },
      "original": {
        "owner": "numtide",
        "repo": "flake-utils",
        "type": "github"
      }
    },
    "flake-utils_6": {
      "inputs": {
        "systems": "systems_2"
      },
      "locked": {
        "lastModified": 1685518550,
        "narHash": "sha256-o2d0KcvaXzTrPRIo0kOLV0/QXHhDQ5DTi+OxcjO8xqY=",
        "owner": "numtide",
        "repo": "flake-utils",
        "rev": "a1720a10a6cfe8234c0e93907ffe81be440f4cef",
        "type": "github"
      },
      "original": {
        "owner": "numtide",
        "repo": "flake-utils",
        "type": "github"
      }
    },
    "flake-utils_7": {
      "locked": {
        "lastModified": 1656928814,
        "narHash": "sha256-RIFfgBuKz6Hp89yRr7+NR5tzIAbn52h8vT6vXkYjZoM=",
        "owner": "numtide",
        "repo": "flake-utils",
        "rev": "7e2a3b3dfd9af950a856d66b0a7d01e3c18aa249",
        "type": "github"
      },
      "original": {
        "owner": "numtide",
        "repo": "flake-utils",
        "type": "github"
      }
    },
    "fourmolu-012": {
      "flake": false,
      "locked": {
        "narHash": "sha256-yru8ls67DMM6WSeVU6xDmmwa48I8S9CUv9NBaxSQ29M=",
        "type": "tarball",
        "url": "https://hackage.haskell.org/package/fourmolu-0.12.0.0/fourmolu-0.12.0.0.tar.gz"
      },
      "original": {
        "type": "tarball",
        "url": "https://hackage.haskell.org/package/fourmolu-0.12.0.0/fourmolu-0.12.0.0.tar.gz"
      }
    },
    "ghc-lib-parser-94": {
      "flake": false,
      "locked": {
        "narHash": "sha256-WElfrJexd0VciSYe0T23s/5pxpOQzKhMn0z5zxa0Ax0=",
        "type": "tarball",
        "url": "https://hackage.haskell.org/package/ghc-lib-parser-9.4.4.20221225/ghc-lib-parser-9.4.4.20221225.tar.gz"
      },
      "original": {
        "type": "tarball",
        "url": "https://hackage.haskell.org/package/ghc-lib-parser-9.4.4.20221225/ghc-lib-parser-9.4.4.20221225.tar.gz"
      }
    },
    "gitignore": {
      "flake": false,
      "locked": {
        "lastModified": 1660459072,
        "narHash": "sha256-8DFJjXG8zqoONA1vXtgeKXy68KdJL5UaXR8NtVMUbx8=",
        "owner": "hercules-ci",
        "repo": "gitignore.nix",
        "rev": "a20de23b925fd8264fd7fad6454652e142fd7f73",
        "type": "github"
      },
      "original": {
        "owner": "hercules-ci",
        "repo": "gitignore.nix",
        "type": "github"
      }
    },
    "gitignore_2": {
      "inputs": {
        "nixpkgs": [
          "system",
          "shekhinah",
          "cachix",
          "devenv",
          "pre-commit-hooks",
          "nixpkgs"
        ]
      },
      "locked": {
        "lastModified": 1660459072,
        "narHash": "sha256-8DFJjXG8zqoONA1vXtgeKXy68KdJL5UaXR8NtVMUbx8=",
        "owner": "hercules-ci",
        "repo": "gitignore.nix",
        "rev": "a20de23b925fd8264fd7fad6454652e142fd7f73",
        "type": "github"
      },
      "original": {
        "owner": "hercules-ci",
        "repo": "gitignore.nix",
        "type": "github"
      }
    },
    "gitignore_3": {
      "inputs": {
        "nixpkgs": [
          "system",
          "shekhinah",
          "devenv",
          "pre-commit-hooks",
          "nixpkgs"
        ]
      },
      "locked": {
        "lastModified": 1660459072,
        "narHash": "sha256-8DFJjXG8zqoONA1vXtgeKXy68KdJL5UaXR8NtVMUbx8=",
        "owner": "hercules-ci",
        "repo": "gitignore.nix",
        "rev": "a20de23b925fd8264fd7fad6454652e142fd7f73",
        "type": "github"
      },
      "original": {
        "owner": "hercules-ci",
        "repo": "gitignore.nix",
        "type": "github"
      }
    },
    "gtk4-layer-shell-src": {
      "flake": false,
      "locked": {
        "lastModified": 1684033168,
        "narHash": "sha256-zmoWYb4FE9Jch5cXlZypiLgurE8uWZ2NnpREwzn3DeE=",
        "owner": "wmww",
        "repo": "gtk4-layer-shell",
        "rev": "c90822e47f1de3ffdad395f789ec5b93cc96e1bb",
        "type": "github"
      },
      "original": {
        "owner": "wmww",
        "repo": "gtk4-layer-shell",
        "type": "github"
      }
    },
    "haskell-ghc-exactprint": {
      "flake": false,
      "locked": {
        "lastModified": 1678824759,
        "narHash": "sha256-2I+GyVrfevo/vWZqIdXZ+Cg0+cU/755M0GhaSHiiZCQ=",
        "owner": "alanz",
        "repo": "ghc-exactprint",
        "rev": "db5e8ab3817c9ee34e37359d5839e9526e05e448",
        "type": "github"
      },
      "original": {
        "owner": "alanz",
        "ref": "ghc-9.6",
        "repo": "ghc-exactprint",
        "type": "github"
      }
    },
    "haskell-hie-bios": {
      "flake": false,
      "locked": {
        "lastModified": 1679040151,
        "narHash": "sha256-1Y/9wCoR+nMvSrEr0EHnRBCkUuhqWPgPuukNM5zzRT8=",
        "owner": "mpickering",
        "repo": "hie-bios",
        "rev": "af192d4116a382afa1721a6f8d77729f98993082",
        "type": "github"
      },
      "original": {
        "owner": "mpickering",
        "repo": "hie-bios",
        "type": "github"
      }
    },
    "haskell-hiedb": {
      "flake": false,
      "locked": {
        "lastModified": 1680249133,
        "narHash": "sha256-v6PnDMlrdC56QJ9HwDvVFzHkhVbvivUj1LXMVJ0ZLec=",
        "owner": "wz1000",
        "repo": "HieDb",
        "rev": "dac3ebb37ad33f9c042f59091ee87a4b9a2d63d1",
        "type": "github"
      },
      "original": {
        "owner": "wz1000",
        "repo": "HieDb",
        "type": "github"
      }
    },
    "haskell-unix-compat": {
      "flake": false,
      "locked": {
        "lastModified": 1664758053,
        "narHash": "sha256-JD/EPdPYEOfS6WqGXOZrdcRUiVkHInSwZT8hn/iQmLs=",
        "owner": "jacobstanley",
        "repo": "unix-compat",
        "rev": "3f6bd688cb56224955e77245a2649ba99ea32fff",
        "type": "github"
      },
      "original": {
        "owner": "jacobstanley",
        "repo": "unix-compat",
        "rev": "3f6bd688cb56224955e77245a2649ba99ea32fff",
        "type": "github"
      }
    },
    "hlint-35": {
      "flake": false,
      "locked": {
        "narHash": "sha256-qQNUlQQnahUGEO92Lm0RwjTGBGr2Yaw0KRuFRMoc5No=",
        "type": "tarball",
        "url": "https://hackage.haskell.org/package/hlint-3.5/hlint-3.5.tar.gz"
      },
      "original": {
        "type": "tarball",
        "url": "https://hackage.haskell.org/package/hlint-3.5/hlint-3.5.tar.gz"
      }
    },
    "hls-flake": {
      "inputs": {
        "flake-compat": "flake-compat",
        "flake-utils": "flake-utils_2",
        "fourmolu-012": "fourmolu-012",
        "ghc-lib-parser-94": "ghc-lib-parser-94",
        "gitignore": "gitignore",
        "haskell-ghc-exactprint": "haskell-ghc-exactprint",
        "haskell-hie-bios": "haskell-hie-bios",
        "haskell-hiedb": "haskell-hiedb",
        "haskell-unix-compat": "haskell-unix-compat",
        "hlint-35": "hlint-35",
        "nixpkgs": "nixpkgs",
        "ormolu-052": "ormolu-052",
        "ptr-poker": "ptr-poker",
        "stylish-haskell": "stylish-haskell"
      },
      "locked": {
        "lastModified": 1685356560,
        "narHash": "sha256-3/vUoA4bcDLqiZDqTDzk9RbdNLgzB1ty/r471P3Q9tI=",
        "ref": "refs/heads/master",
        "rev": "e3a7df6a7fd753a8df82459d4999a863d933babb",
        "revCount": 3167,
        "type": "git",
        "url": "https://github.com/haskell/haskell-language-server?tag=1.10.0"
      },
      "original": {
        "type": "git",
        "url": "https://github.com/haskell/haskell-language-server?tag=1.10.0"
      }
    },
    "hnix-store-core": {
      "flake": false,
      "locked": {
        "lastModified": 1672658037,
        "narHash": "sha256-UOe+dY1dhCvdEKjPF1gNpfc4cNhZSKSbvu4yG+XVqbg=",
        "owner": "haskell-nix",
        "repo": "hnix-store",
        "rev": "81700e6e7c53bbd7c6b2c4913b9481e5827af92f",
        "type": "github"
      },
      "original": {
        "owner": "haskell-nix",
        "ref": "core-0.6.1.0",
        "repo": "hnix-store",
        "type": "github"
      }
    },
    "home-manager": {
      "inputs": {
        "nixpkgs": [
          "system",
          "nixpkgs"
        ]
      },
      "locked": {
        "lastModified": 1685573051,
        "narHash": "sha256-zrpbdQVJFpNVFK3SlA6mE0le8qnKjUjcuY4OzL+wSHw=",
        "owner": "nix-community",
        "repo": "home-manager",
        "rev": "3876cc613ac3983078964ffb5a0c01d00028139e",
        "type": "github"
      },
      "original": {
        "owner": "nix-community",
        "repo": "home-manager",
        "type": "github"
      }
    },
    "lake": {
      "inputs": {
        "flake-utils": "flake-utils_6",
        "lean": [
          "system",
          "shekhinah",
          "lean4"
        ],
        "nixpkgs": "nixpkgs_9"
      },
      "locked": {
        "lastModified": 1684970796,
        "narHash": "sha256-GFR6NC3LlVzpKSCmDlLmiKVJsdJz09aamvOz/35A2Kk=",
        "owner": "leanprover",
        "repo": "lake",
        "rev": "2e5aad4a7884dd34afd86ffc7a175c7600cd59ab",
        "type": "github"
      },
      "original": {
        "owner": "leanprover",
        "repo": "lake",
        "type": "github"
      }
    },
    "lean": {
      "inputs": {
        "flake-utils": "flake-utils_3",
        "lean4-mode": "lean4-mode",
        "nix": "nix",
        "nixpkgs": "nixpkgs_3"
      },
      "locked": {
        "lastModified": 1685538626,
        "narHash": "sha256-R4sJ/w2sBSJmF1p4SHuqh00QXf+Bjxvujdex0s4QHXM=",
        "owner": "leanprover",
        "repo": "lean4",
        "rev": "28538fc74889ea2dedbc30e236ce26492e5823ca",
        "type": "github"
      },
      "original": {
        "owner": "leanprover",
        "repo": "lean4",
        "type": "github"
      }
    },
    "lean4": {
      "inputs": {
        "flake-utils": "flake-utils_7",
        "lean4-mode": "lean4-mode_2",
        "nix": "nix_4",
        "nixpkgs": "nixpkgs_11"
      },
      "locked": {
        "lastModified": 1685538626,
        "narHash": "sha256-R4sJ/w2sBSJmF1p4SHuqh00QXf+Bjxvujdex0s4QHXM=",
        "owner": "leanprover",
        "repo": "lean4",
        "rev": "28538fc74889ea2dedbc30e236ce26492e5823ca",
        "type": "github"
      },
      "original": {
        "owner": "leanprover",
        "repo": "lean4",
        "type": "github"
      }
    },
    "lean4-mode": {
      "flake": false,
      "locked": {
        "lastModified": 1676498134,
        "narHash": "sha256-u3WvyKxOViZG53hkb8wd2/Og6muTecbh+NdflIgVeyk=",
        "owner": "leanprover",
        "repo": "lean4-mode",
        "rev": "2c6ef33f476fdf5eb5e4fa4fa023ba8b11372440",
        "type": "github"
      },
      "original": {
        "owner": "leanprover",
        "repo": "lean4-mode",
        "type": "github"
      }
    },
    "lean4-mode_2": {
      "flake": false,
      "locked": {
        "lastModified": 1676498134,
        "narHash": "sha256-u3WvyKxOViZG53hkb8wd2/Og6muTecbh+NdflIgVeyk=",
        "owner": "leanprover",
        "repo": "lean4-mode",
        "rev": "2c6ef33f476fdf5eb5e4fa4fa023ba8b11372440",
        "type": "github"
      },
      "original": {
        "owner": "leanprover",
        "repo": "lean4-mode",
        "type": "github"
      }
    },
    "lowdown-src": {
      "flake": false,
      "locked": {
        "lastModified": 1633514407,
        "narHash": "sha256-Dw32tiMjdK9t3ETl5fzGrutQTzh2rufgZV4A/BbxuD4=",
        "owner": "kristapsdz",
        "repo": "lowdown",
        "rev": "d2c2b44ff6c27b936ec27358a2653caaef8f73b8",
        "type": "github"
      },
      "original": {
        "owner": "kristapsdz",
        "repo": "lowdown",
        "type": "github"
      }
    },
    "lowdown-src_2": {
      "flake": false,
      "locked": {
        "lastModified": 1633514407,
        "narHash": "sha256-Dw32tiMjdK9t3ETl5fzGrutQTzh2rufgZV4A/BbxuD4=",
        "owner": "kristapsdz",
        "repo": "lowdown",
        "rev": "d2c2b44ff6c27b936ec27358a2653caaef8f73b8",
        "type": "github"
      },
      "original": {
        "owner": "kristapsdz",
        "repo": "lowdown",
        "type": "github"
      }
    },
    "lowdown-src_3": {
      "flake": false,
      "locked": {
        "lastModified": 1633514407,
        "narHash": "sha256-Dw32tiMjdK9t3ETl5fzGrutQTzh2rufgZV4A/BbxuD4=",
        "owner": "kristapsdz",
        "repo": "lowdown",
        "rev": "d2c2b44ff6c27b936ec27358a2653caaef8f73b8",
        "type": "github"
      },
      "original": {
        "owner": "kristapsdz",
        "repo": "lowdown",
        "type": "github"
      }
    },
    "lowdown-src_4": {
      "flake": false,
      "locked": {
        "lastModified": 1633514407,
        "narHash": "sha256-Dw32tiMjdK9t3ETl5fzGrutQTzh2rufgZV4A/BbxuD4=",
        "owner": "kristapsdz",
        "repo": "lowdown",
        "rev": "d2c2b44ff6c27b936ec27358a2653caaef8f73b8",
        "type": "github"
      },
      "original": {
        "owner": "kristapsdz",
        "repo": "lowdown",
        "type": "github"
      }
    },
    "naersk": {
      "inputs": {
        "nixpkgs": "nixpkgs_4"
      },
      "locked": {
        "lastModified": 1679567394,
        "narHash": "sha256-ZvLuzPeARDLiQUt6zSZFGOs+HZmE+3g4QURc8mkBsfM=",
        "owner": "nix-community",
        "repo": "naersk",
        "rev": "88cd22380154a2c36799fe8098888f0f59861a15",
        "type": "github"
      },
      "original": {
        "owner": "nix-community",
        "ref": "master",
        "repo": "naersk",
        "type": "github"
      }
    },
    "nix": {
      "inputs": {
        "lowdown-src": "lowdown-src",
        "nixpkgs": "nixpkgs_2",
        "nixpkgs-regression": "nixpkgs-regression"
      },
      "locked": {
        "lastModified": 1657097207,
        "narHash": "sha256-SmeGmjWM3fEed3kQjqIAO8VpGmkC2sL1aPE7kKpK650=",
        "owner": "NixOS",
        "repo": "nix",
        "rev": "f6316b49a0c37172bca87ede6ea8144d7d89832f",
        "type": "github"
      },
      "original": {
        "owner": "NixOS",
        "repo": "nix",
        "type": "github"
      }
    },
    "nix_2": {
      "inputs": {
        "lowdown-src": "lowdown-src_2",
        "nixpkgs": [
          "system",
          "shekhinah",
          "cachix",
          "devenv",
          "nixpkgs"
        ],
        "nixpkgs-regression": "nixpkgs-regression_2"
      },
      "locked": {
        "lastModified": 1676545802,
        "narHash": "sha256-EK4rZ+Hd5hsvXnzSzk2ikhStJnD63odF7SzsQ8CuSPU=",
        "owner": "domenkozar",
        "repo": "nix",
        "rev": "7c91803598ffbcfe4a55c44ac6d49b2cf07a527f",
        "type": "github"
      },
      "original": {
        "owner": "domenkozar",
        "ref": "relaxed-flakes",
        "repo": "nix",
        "type": "github"
      }
    },
    "nix_3": {
      "inputs": {
        "lowdown-src": "lowdown-src_3",
        "nixpkgs": [
          "system",
          "shekhinah",
          "devenv",
          "nixpkgs"
        ],
        "nixpkgs-regression": "nixpkgs-regression_3"
      },
      "locked": {
        "lastModified": 1676545802,
        "narHash": "sha256-EK4rZ+Hd5hsvXnzSzk2ikhStJnD63odF7SzsQ8CuSPU=",
        "owner": "domenkozar",
        "repo": "nix",
        "rev": "7c91803598ffbcfe4a55c44ac6d49b2cf07a527f",
        "type": "github"
      },
      "original": {
        "owner": "domenkozar",
        "ref": "relaxed-flakes",
        "repo": "nix",
        "type": "github"
      }
    },
    "nix_4": {
      "inputs": {
        "lowdown-src": "lowdown-src_4",
        "nixpkgs": "nixpkgs_10",
        "nixpkgs-regression": "nixpkgs-regression_4"
      },
      "locked": {
        "lastModified": 1657097207,
        "narHash": "sha256-SmeGmjWM3fEed3kQjqIAO8VpGmkC2sL1aPE7kKpK650=",
        "owner": "NixOS",
        "repo": "nix",
        "rev": "f6316b49a0c37172bca87ede6ea8144d7d89832f",
        "type": "github"
      },
      "original": {
        "owner": "NixOS",
        "repo": "nix",
        "type": "github"
      }
    },
    "nixpkgs": {
      "locked": {
        "lastModified": 1680680186,
        "narHash": "sha256-DqfuocQeQc4pk/ggLntlcf3AoGmnkCcjjL8geGUxv5I=",
        "owner": "NixOS",
        "repo": "nixpkgs",
        "rev": "391e94a986322a002a084574ccf2fd73814872b1",
        "type": "github"
      },
      "original": {
        "owner": "NixOS",
        "ref": "haskell-updates",
        "repo": "nixpkgs",
        "type": "github"
      }
    },
    "nixpkgs-regression": {
      "locked": {
        "lastModified": 1643052045,
        "narHash": "sha256-uGJ0VXIhWKGXxkeNnq4TvV3CIOkUJ3PAoLZ3HMzNVMw=",
        "owner": "NixOS",
        "repo": "nixpkgs",
        "rev": "215d4d0fd80ca5163643b03a33fde804a29cc1e2",
        "type": "github"
      },
      "original": {
        "owner": "NixOS",
        "repo": "nixpkgs",
        "rev": "215d4d0fd80ca5163643b03a33fde804a29cc1e2",
        "type": "github"
      }
    },
    "nixpkgs-regression_2": {
      "locked": {
        "lastModified": 1643052045,
        "narHash": "sha256-uGJ0VXIhWKGXxkeNnq4TvV3CIOkUJ3PAoLZ3HMzNVMw=",
        "owner": "NixOS",
        "repo": "nixpkgs",
        "rev": "215d4d0fd80ca5163643b03a33fde804a29cc1e2",
        "type": "github"
      },
      "original": {
        "owner": "NixOS",
        "repo": "nixpkgs",
        "rev": "215d4d0fd80ca5163643b03a33fde804a29cc1e2",
        "type": "github"
      }
    },
    "nixpkgs-regression_3": {
      "locked": {
        "lastModified": 1643052045,
        "narHash": "sha256-uGJ0VXIhWKGXxkeNnq4TvV3CIOkUJ3PAoLZ3HMzNVMw=",
        "owner": "NixOS",
        "repo": "nixpkgs",
        "rev": "215d4d0fd80ca5163643b03a33fde804a29cc1e2",
        "type": "github"
      },
      "original": {
        "owner": "NixOS",
        "repo": "nixpkgs",
        "rev": "215d4d0fd80ca5163643b03a33fde804a29cc1e2",
        "type": "github"
      }
    },
    "nixpkgs-regression_4": {
      "locked": {
        "lastModified": 1643052045,
        "narHash": "sha256-uGJ0VXIhWKGXxkeNnq4TvV3CIOkUJ3PAoLZ3HMzNVMw=",
        "owner": "NixOS",
        "repo": "nixpkgs",
        "rev": "215d4d0fd80ca5163643b03a33fde804a29cc1e2",
        "type": "github"
      },
      "original": {
        "owner": "NixOS",
        "repo": "nixpkgs",
        "rev": "215d4d0fd80ca5163643b03a33fde804a29cc1e2",
        "type": "github"
      }
    },
    "nixpkgs-stable": {
      "locked": {
        "lastModified": 1678872516,
        "narHash": "sha256-/E1YwtMtFAu2KUQKV/1+KFuReYPANM2Rzehk84VxVoc=",
        "owner": "NixOS",
        "repo": "nixpkgs",
        "rev": "9b8e5abb18324c7fe9f07cb100c3cd4a29cda8b8",
        "type": "github"
      },
      "original": {
        "owner": "NixOS",
        "ref": "nixos-22.11",
        "repo": "nixpkgs",
        "type": "github"
      }
    },
    "nixpkgs-stable_2": {
      "locked": {
        "lastModified": 1678872516,
        "narHash": "sha256-/E1YwtMtFAu2KUQKV/1+KFuReYPANM2Rzehk84VxVoc=",
        "owner": "NixOS",
        "repo": "nixpkgs",
        "rev": "9b8e5abb18324c7fe9f07cb100c3cd4a29cda8b8",
        "type": "github"
      },
      "original": {
        "owner": "NixOS",
        "ref": "nixos-22.11",
        "repo": "nixpkgs",
        "type": "github"
      }
    },
    "nixpkgs_10": {
      "locked": {
        "lastModified": 1653988320,
        "narHash": "sha256-ZaqFFsSDipZ6KVqriwM34T739+KLYJvNmCWzErjAg7c=",
        "owner": "NixOS",
        "repo": "nixpkgs",
        "rev": "2fa57ed190fd6c7c746319444f34b5917666e5c1",
        "type": "github"
      },
      "original": {
        "owner": "NixOS",
        "ref": "nixos-22.05-small",
        "repo": "nixpkgs",
        "type": "github"
      }
    },
    "nixpkgs_11": {
      "locked": {
        "lastModified": 1657208011,
        "narHash": "sha256-BlIFwopAykvdy1DYayEkj6ZZdkn+cVgPNX98QVLc0jM=",
        "owner": "NixOS",
        "repo": "nixpkgs",
        "rev": "2770cc0b1e8faa0e20eb2c6aea64c256a706d4f2",
        "type": "github"
      },
      "original": {
        "owner": "NixOS",
        "ref": "nixpkgs-unstable",
        "repo": "nixpkgs",
        "type": "github"
      }
    },
    "nixpkgs_2": {
      "locked": {
        "lastModified": 1653988320,
        "narHash": "sha256-ZaqFFsSDipZ6KVqriwM34T739+KLYJvNmCWzErjAg7c=",
        "owner": "NixOS",
        "repo": "nixpkgs",
        "rev": "2fa57ed190fd6c7c746319444f34b5917666e5c1",
        "type": "github"
      },
      "original": {
        "owner": "NixOS",
        "ref": "nixos-22.05-small",
        "repo": "nixpkgs",
        "type": "github"
      }
    },
    "nixpkgs_3": {
      "locked": {
        "lastModified": 1657208011,
        "narHash": "sha256-BlIFwopAykvdy1DYayEkj6ZZdkn+cVgPNX98QVLc0jM=",
        "owner": "NixOS",
        "repo": "nixpkgs",
        "rev": "2770cc0b1e8faa0e20eb2c6aea64c256a706d4f2",
        "type": "github"
      },
      "original": {
        "owner": "NixOS",
        "ref": "nixpkgs-unstable",
        "repo": "nixpkgs",
        "type": "github"
      }
    },
    "nixpkgs_4": {
      "locked": {
        "lastModified": 1685561376,
        "narHash": "sha256-uIcJdaovXr55FJdmvR6yIN6IWoOL4amBj56e/T2KhgM=",
        "owner": "NixOS",
        "repo": "nixpkgs",
        "rev": "bc3ec5eaa759d58e9fb1bdc9cfe94f74d0331b31",
        "type": "github"
      },
      "original": {
        "id": "nixpkgs",
        "type": "indirect"
      }
    },
    "nixpkgs_5": {
      "locked": {
        "lastModified": 1685564631,
        "narHash": "sha256-8ywr3AkblY4++3lIVxmrWZFzac7+f32ZEhH/A8pNscI=",
        "owner": "NixOS",
        "repo": "nixpkgs",
        "rev": "4f53efe34b3a8877ac923b9350c874e3dcd5dc0a",
        "type": "github"
      },
      "original": {
        "id": "nixpkgs",
        "ref": "nixos-unstable",
        "type": "indirect"
      }
    },
    "nixpkgs_6": {
      "locked": {
        "lastModified": 1678875422,
        "narHash": "sha256-T3o6NcQPwXjxJMn2shz86Chch4ljXgZn746c2caGxd8=",
        "owner": "NixOS",
        "repo": "nixpkgs",
        "rev": "126f49a01de5b7e35a43fd43f891ecf6d3a51459",
        "type": "github"
      },
      "original": {
        "owner": "NixOS",
        "ref": "nixpkgs-unstable",
        "repo": "nixpkgs",
        "type": "github"
      }
    },
    "nixpkgs_7": {
      "locked": {
        "lastModified": 1684215771,
        "narHash": "sha256-fsum28z+g18yreNa1Y7MPo9dtps5h1VkHfZbYQ+YPbk=",
        "owner": "NixOS",
        "repo": "nixpkgs",
        "rev": "963006aab35e3e8ebbf6052b6bf4ea712fdd3c28",
        "type": "github"
      },
      "original": {
        "owner": "NixOS",
        "ref": "nixos-unstable",
        "repo": "nixpkgs",
        "type": "github"
      }
    },
    "nixpkgs_8": {
      "locked": {
        "lastModified": 1678875422,
        "narHash": "sha256-T3o6NcQPwXjxJMn2shz86Chch4ljXgZn746c2caGxd8=",
        "owner": "NixOS",
        "repo": "nixpkgs",
        "rev": "126f49a01de5b7e35a43fd43f891ecf6d3a51459",
        "type": "github"
      },
      "original": {
        "owner": "NixOS",
        "ref": "nixpkgs-unstable",
        "repo": "nixpkgs",
        "type": "github"
      }
    },
    "nixpkgs_9": {
      "locked": {
        "lastModified": 1659914493,
        "narHash": "sha256-lkA5X3VNMKirvA+SUzvEhfA7XquWLci+CGi505YFAIs=",
        "owner": "nixos",
        "repo": "nixpkgs",
        "rev": "022caabb5f2265ad4006c1fa5b1ebe69fb0c3faf",
        "type": "github"
      },
      "original": {
        "owner": "nixos",
        "ref": "nixos-21.05",
        "repo": "nixpkgs",
        "type": "github"
      }
    },
    "ormolu-052": {
      "flake": false,
      "locked": {
        "narHash": "sha256-H7eqId488RBRxcf7flgJefAZmRgFJASJva+Oy7GG4q4=",
        "type": "tarball",
        "url": "https://hackage.haskell.org/package/ormolu-0.5.2.0/ormolu-0.5.2.0.tar.gz"
      },
      "original": {
        "type": "tarball",
        "url": "https://hackage.haskell.org/package/ormolu-0.5.2.0/ormolu-0.5.2.0.tar.gz"
      }
    },
    "pre-commit-hooks": {
      "inputs": {
        "flake-compat": [
          "system",
          "shekhinah",
          "cachix",
          "devenv",
          "flake-compat"
        ],
        "flake-utils": "flake-utils_4",
        "gitignore": "gitignore_2",
        "nixpkgs": [
          "system",
          "shekhinah",
          "cachix",
          "devenv",
          "nixpkgs"
        ],
        "nixpkgs-stable": "nixpkgs-stable"
      },
      "locked": {
        "lastModified": 1682596858,
        "narHash": "sha256-Hf9XVpqaGqe/4oDGr30W8HlsWvJXtMsEPHDqHZA6dDg=",
        "owner": "cachix",
        "repo": "pre-commit-hooks.nix",
        "rev": "fb58866e20af98779017134319b5663b8215d912",
        "type": "github"
      },
      "original": {
        "owner": "cachix",
        "repo": "pre-commit-hooks.nix",
        "type": "github"
      }
    },
    "pre-commit-hooks_2": {
      "inputs": {
        "flake-compat": [
          "system",
          "shekhinah",
          "devenv",
          "flake-compat"
        ],
        "flake-utils": "flake-utils_5",
        "gitignore": "gitignore_3",
        "nixpkgs": [
          "system",
          "shekhinah",
          "devenv",
          "nixpkgs"
        ],
        "nixpkgs-stable": "nixpkgs-stable_2"
      },
      "locked": {
        "lastModified": 1682596858,
        "narHash": "sha256-Hf9XVpqaGqe/4oDGr30W8HlsWvJXtMsEPHDqHZA6dDg=",
        "owner": "cachix",
        "repo": "pre-commit-hooks.nix",
        "rev": "fb58866e20af98779017134319b5663b8215d912",
        "type": "github"
      },
      "original": {
        "owner": "cachix",
        "repo": "pre-commit-hooks.nix",
        "type": "github"
      }
    },
    "ptr-poker": {
      "flake": false,
      "locked": {
        "narHash": "sha256-ll3wuUjkhTE8Grcs8LfGpdiuyobrSBmwgjqPOTlrPac=",
        "type": "tarball",
        "url": "https://hackage.haskell.org/package/ptr-poker-0.1.2.8/ptr-poker-0.1.2.8.tar.gz"
      },
      "original": {
        "type": "tarball",
        "url": "https://hackage.haskell.org/package/ptr-poker-0.1.2.8/ptr-poker-0.1.2.8.tar.gz"
      }
    },
    "root": {
      "inputs": {
        "fenix": "fenix",
        "flake-utils": "flake-utils",
        "gtk4-layer-shell-src": "gtk4-layer-shell-src",
        "hls-flake": "hls-flake",
        "lean": "lean",
        "naersk": "naersk",
        "nixpkgs": [
          "system",
          "nixpkgs"
        ],
        "system": "system"
      }
    },
    "rust-analyzer-src": {
      "flake": false,
      "locked": {
        "lastModified": 1685541053,
        "narHash": "sha256-ck8hhiuxvy8jLIv2cPsQK8bfc/aYZjrIelmLAv16T4o=",
        "owner": "rust-lang",
        "repo": "rust-analyzer",
        "rev": "bafa6c4ee5d3acdbb62ec289364564270357c6a2",
        "type": "github"
      },
      "original": {
        "owner": "rust-lang",
        "ref": "nightly",
        "repo": "rust-analyzer",
        "type": "github"
      }
    },
    "rust-analyzer-src_2": {
      "flake": false,
      "locked": {
        "lastModified": 1685541053,
        "narHash": "sha256-ck8hhiuxvy8jLIv2cPsQK8bfc/aYZjrIelmLAv16T4o=",
        "owner": "rust-lang",
        "repo": "rust-analyzer",
        "rev": "bafa6c4ee5d3acdbb62ec289364564270357c6a2",
        "type": "github"
      },
      "original": {
        "owner": "rust-lang",
        "ref": "nightly",
        "repo": "rust-analyzer",
        "type": "github"
      }
    },
    "shekhinah": {
      "inputs": {
        "cachix": "cachix",
        "devenv": "devenv_2",
        "fenix": "fenix_2",
        "home-manager": [
          "system",
          "home-manager"
        ],
        "lake": "lake",
        "lean4": "lean4",
        "nixpkgs": [
          "system",
          "nixpkgs"
        ],
        "stable": "stable"
      },
      "locked": {
        "lastModified": 1685656773,
        "narHash": "sha256-cPSOxvS/cI8JB3laRzDtj4pHN9Q5mNxnRyooUyTqFmQ=",
        "type": "git",
        "url": "file:/home/shekhinah/.config/nixpkgs"
      },
      "original": {
        "type": "git",
        "url": "file:/home/shekhinah/.config/nixpkgs"
      }
    },
    "stable": {
      "locked": {
        "lastModified": 1685533922,
        "narHash": "sha256-y4FCQpYafMQ42l1V+NUrMel9RtFtZo59PzdzflKR/lo=",
        "owner": "nixos",
        "repo": "nixpkgs",
        "rev": "3a70dd92993182f8e514700ccf5b1ae9fc8a3b8d",
        "type": "github"
      },
      "original": {
        "owner": "nixos",
        "ref": "nixos-23.05",
        "repo": "nixpkgs",
        "type": "github"
      }
    },
    "stylish-haskell": {
      "flake": false,
      "locked": {
        "narHash": "sha256-493M/S38dad82mA04l98xK50WPfue618TIln+7hE7VM=",
        "type": "tarball",
        "url": "https://hackage.haskell.org/package/stylish-haskell-0.14.4.0/stylish-haskell-0.14.4.0.tar.gz"
      },
      "original": {
        "type": "tarball",
        "url": "https://hackage.haskell.org/package/stylish-haskell-0.14.4.0/stylish-haskell-0.14.4.0.tar.gz"
      }
    },
    "system": {
      "inputs": {
        "home-manager": "home-manager",
        "nixpkgs": "nixpkgs_5",
        "shekhinah": "shekhinah"
      },
      "locked": {
        "lastModified": 1685656968,
        "narHash": "sha256-BSBFVhfX4pMeWUZNKYtQQUuedBabqTsfyLLG4buHDLw=",
        "type": "git",
        "url": "file:/etc/nixos"
      },
      "original": {
        "type": "git",
        "url": "file:/etc/nixos"
      }
    },
    "systems": {
      "locked": {
        "lastModified": 1681028828,
        "narHash": "sha256-Vy1rq5AaRuLzOxct8nz4T6wlgyUR7zLU309k9mBC768=",
        "owner": "nix-systems",
        "repo": "default",
        "rev": "da67096a3b9bf56a91d16901293e51ba5b49a27e",
        "type": "github"
      },
      "original": {
        "owner": "nix-systems",
        "repo": "default",
        "type": "github"
      }
    },
    "systems_2": {
      "locked": {
        "lastModified": 1681028828,
        "narHash": "sha256-Vy1rq5AaRuLzOxct8nz4T6wlgyUR7zLU309k9mBC768=",
        "owner": "nix-systems",
        "repo": "default",
        "rev": "da67096a3b9bf56a91d16901293e51ba5b49a27e",
        "type": "github"
      },
      "original": {
        "owner": "nix-systems",
        "repo": "default",
        "type": "github"
      }
    }
  },
  "root": "root",
  "version": 7
}
